
Microsoft Visual Studio Solution File, Format Version 12.00
# Visual Studio Version 17
VisualStudioVersion = 17.3.32929.385
MinimumVisualStudioVersion = 10.0.40219.1
Project("{FAE04EC0-301F-11D3-BF4B-00C04F79EFBC}") = "TodoSample1", "TodoSample1\TodoSample1.csproj", "{9865A565-DFEB-4A83-9DE1-DDAB57272FDC}"
EndProject
Global
	GlobalSection(SolutionConfigurationPlatforms) = preSolution
		Debug|Any CPU = Debug|Any CPU
		Release|Any CPU = Release|Any CPU
	EndGlobalSection
	GlobalSection(ProjectConfigurationPlatforms) = postSolution
		{9865A565-DFEB-4A83-9DE1-DDAB57272FDC}.Debug|Any CPU.ActiveCfg = Debug|Any CPU
		{9865A565-DFEB-4A83-9DE1-DDAB57272FDC}.Debug|Any CPU.Build.0 = Debug|Any CPU
		{9865A565-DFEB-4A83-9DE1-DDAB57272FDC}.Release|Any CPU.ActiveCfg = Release|Any CPU
		{9865A565-DFEB-4A83-9DE1-DDAB57272FDC}.Release|Any CPU.Build.0 = Release|Any CPU
	EndGlobalSection
	GlobalSection(SolutionProperties) = preSolution
		HideSolutionNode = FALSE
	EndGlobalSection
	GlobalSection(ExtensibilityGlobals) = postSolution
		SolutionGuid = {0744AE6F-75A6-4447-85F8-0FF71911540C}
	EndGlobalSection
EndGlobal
